
Microsoft Visual Studio Solution File, Format Version 12.00
# Visual Studio Version 16
VisualStudioVersion = 16.0.31702.278
MinimumVisualStudioVersion = 10.0.40219.1
Project("{8BC9CEB8-8B4A-11D0-8D11-00A0C91BC942}") = "laboratory3", "laboratory3.vcxproj", "{DEB399D2-3DAE-4C8D-879C-329C07059B94}"
EndProject
Global
	GlobalSection(SolutionConfigurationPlatforms) = preSolution
		Debug|x64 = Debug|x64
		Debug|x86 = Debug|x86
		Release|x64 = Release|x64
		Release|x86 = Release|x86
	EndGlobalSection
	GlobalSection(ProjectConfigurationPlatforms) = postSolution
		{DEB399D2-3DAE-4C8D-879C-329C07059B94}.Debug|x64.ActiveCfg = Debug|x64
		{DEB399D2-3DAE-4C8D-879C-329C07059B94}.Debug|x64.Build.0 = Debug|x64
		{DEB399D2-3DAE-4C8D-879C-329C07059B94}.Debug|x86.ActiveCfg = Debug|Win32
		{DEB399D2-3DAE-4C8D-879C-329C07059B94}.Debug|x86.Build.0 = Debug|Win32
		{DEB399D2-3DAE-4C8D-879C-329C07059B94}.Release|x64.ActiveCfg = Release|x64
		{DEB399D2-3DAE-4C8D-879C-329C07059B94}.Release|x64.Build.0 = Release|x64
		{DEB399D2-3DAE-4C8D-879C-329C07059B94}.Release|x86.ActiveCfg = Release|Win32
		{DEB399D2-3DAE-4C8D-879C-329C07059B94}.Release|x86.Build.0 = Release|Win32
	EndGlobalSection
	GlobalSection(SolutionProperties) = preSolution
		HideSolutionNode = FALSE
	EndGlobalSection
	GlobalSection(ExtensibilityGlobals) = postSolution
		SolutionGuid = {D6DE370E-364B-4FEC-A88F-98811E062CFC}
	EndGlobalSection
EndGlobal
